
Microsoft Visual Studio Solution File, Format Version 12.00
# Visual Studio Version 16
VisualStudioVersion = 16.0.31112.23
MinimumVisualStudioVersion = 10.0.40219.1
Project("{E53339B2-1760-4266-BCC7-CA923CBCF16C}") = "docker-compose", "docker-compose.dcproj", "{95740D8B-59AA-4D1F-B7DC-AE0276A79CB9}"
EndProject
Project("{FAE04EC0-301F-11D3-BF4B-00C04F79EFBC}") = "CassandraConsole", "CassandraConsole\CassandraConsole.csproj", "{939C0ED2-E10A-4044-809C-7D7EEDFE4839}"
EndProject
Global
	GlobalSection(SolutionConfigurationPlatforms) = preSolution
		Debug|Any CPU = Debug|Any CPU
		Release|Any CPU = Release|Any CPU
	EndGlobalSection
	GlobalSection(ProjectConfigurationPlatforms) = postSolution
		{95740D8B-59AA-4D1F-B7DC-AE0276A79CB9}.Debug|Any CPU.ActiveCfg = Debug|Any CPU
		{95740D8B-59AA-4D1F-B7DC-AE0276A79CB9}.Debug|Any CPU.Build.0 = Debug|Any CPU
		{95740D8B-59AA-4D1F-B7DC-AE0276A79CB9}.Release|Any CPU.ActiveCfg = Release|Any CPU
		{95740D8B-59AA-4D1F-B7DC-AE0276A79CB9}.Release|Any CPU.Build.0 = Release|Any CPU
		{939C0ED2-E10A-4044-809C-7D7EEDFE4839}.Debug|Any CPU.ActiveCfg = Debug|Any CPU
		{939C0ED2-E10A-4044-809C-7D7EEDFE4839}.Debug|Any CPU.Build.0 = Debug|Any CPU
		{939C0ED2-E10A-4044-809C-7D7EEDFE4839}.Release|Any CPU.ActiveCfg = Release|Any CPU
		{939C0ED2-E10A-4044-809C-7D7EEDFE4839}.Release|Any CPU.Build.0 = Release|Any CPU
	EndGlobalSection
	GlobalSection(SolutionProperties) = preSolution
		HideSolutionNode = FALSE
	EndGlobalSection
	GlobalSection(ExtensibilityGlobals) = postSolution
		SolutionGuid = {794AD7B4-8035-4C9D-BA0E-B801CE5B5CBC}
	EndGlobalSection
EndGlobal
